{"version":4,"terraform_version":"1.10.3","serial":1,"lineage":"ff64598f-f4eb-563b-bdaf-00623d12037f","outputs":{},"resources":[{"mode":"managed","type":"proxmox_vm_qemu","name":"highmountain","provider":"provider[\"registry.opentofu.org/telmate/proxmox\"]","instances":[{"index_key":"highmountain-control-01","status":"tainted","schema_version":0,"attributes":{"additional_wait":5,"agent":1,"agent_timeout":90,"args":"","automatic_reboot":true,"balloon":0,"bios":"seabios","boot":"order=virtio0;ide2;net0","bootdisk":"","ci_wait":null,"cicustom":null,"cipassword":"","ciupgrade":false,"ciuser":"","clone":null,"clone_id":null,"clone_wait":10,"cores":0,"cpu":[{"affinity":"","cores":8,"flags":[],"limit":0,"numa":false,"sockets":1,"type":"host","units":0,"vcores":0}],"cpu_type":"","current_node":"thunderbluff","default_ipv4_address":"","default_ipv6_address":"","define_connection_info":true,"desc":null,"description":"Managed by Terraform.","disk":[],"disks":[{"ide":[{"ide0":[],"ide1":[],"ide2":[{"cdrom":[{"iso":"local:iso/nocloud-amd64.iso","passthrough":false}],"cloudinit":[],"disk":[],"ignore":false,"passthrough":[]}],"ide3":[]}],"sata":[],"scsi":[],"virtio":[{"virtio0":[{"cdrom":[],"disk":[{"asyncio":"","backup":true,"cache":"","discard":false,"format":"raw","id":0,"iops_r_burst":0,"iops_r_burst_length":0,"iops_r_concurrent":0,"iops_wr_burst":0,"iops_wr_burst_length":0,"iops_wr_concurrent":0,"iothread":false,"linked_disk_id":-1,"mbps_r_burst":0,"mbps_r_concurrent":0,"mbps_wr_burst":0,"mbps_wr_concurrent":0,"readonly":false,"replicate":false,"serial":"","size":"200G","storage":"sda-lvm","wwn":""}],"ignore":false,"passthrough":[]}],"virtio1":[],"virtio10":[],"virtio11":[],"virtio12":[],"virtio13":[],"virtio14":[],"virtio15":[],"virtio2":[],"virtio3":[],"virtio4":[],"virtio5":[],"virtio6":[],"virtio7":[],"virtio8":[],"virtio9":[]}]}],"efidisk":[],"force_create":false,"force_recreate_on_change_of":null,"full_clone":true,"hagroup":"","hastate":"","hostpci":[],"hotplug":"network,disk,usb","id":"thunderbluff/qemu/800","ipconfig0":null,"ipconfig1":null,"ipconfig10":null,"ipconfig11":null,"ipconfig12":null,"ipconfig13":null,"ipconfig14":null,"ipconfig15":null,"ipconfig2":null,"ipconfig3":null,"ipconfig4":null,"ipconfig5":null,"ipconfig6":null,"ipconfig7":null,"ipconfig8":null,"ipconfig9":null,"kvm":true,"linked_vmid":0,"machine":"","memory":16384,"name":"highmountain-control-01","nameserver":null,"network":[{"bridge":"vmbr0","firewall":false,"id":0,"link_down":false,"macaddr":"bc:24:11:18:6b:4e","model":"virtio","mtu":0,"queues":0,"rate":0,"tag":0}],"numa":false,"onboot":false,"os_network_config":null,"os_type":null,"pci":[],"pcis":[],"pool":"","protection":false,"pxe":null,"qemu_os":"other","reboot_required":false,"rng":[],"scsihw":"virtio-scsi-single","searchdomain":null,"serial":[],"skip_ipv4":false,"skip_ipv6":false,"smbios":[{"family":"","manufacturer":"","product":"","serial":"","sku":"","uuid":"cacd9731-2d47-4063-9900-ea5044bc259c","version":""}],"sockets":0,"ssh_forward_ip":null,"ssh_host":"","ssh_port":"22","ssh_private_key":null,"ssh_user":null,"sshkeys":null,"startup":"","tablet":true,"tags":"","target_node":"thunderbluff","target_nodes":null,"timeouts":null,"tpm_state":[],"unused_disk":[],"usb":[],"usbs":[],"vcpus":0,"vga":[],"vm_state":"running","vmid":800},"sensitive_attributes":[[{"type":"get_attr","value":"ssh_private_key"}],[{"type":"get_attr","value":"cipassword"}]],"private":"eyJlMmJmYjczMC1lY2FhLTExZTYtOGY4OC0zNDM2M2JjN2M0YzAiOnsiY3JlYXRlIjoxMjAwMDAwMDAwMDAwLCJkZWZhdWx0IjoxMjAwMDAwMDAwMDAwLCJkZWxldGUiOjEyMDAwMDAwMDAwMDAsInJlYWQiOjEyMDAwMDAwMDAwMDAsInVwZGF0ZSI6MTIwMDAwMDAwMDAwMH19"}]}],"check_results":null}
